
Microsoft Visual Studio Solution File, Format Version 12.00
# Visual Studio Version 16
VisualStudioVersion = 16.0.34114.132
MinimumVisualStudioVersion = 10.0.40219.1
Project("{FAE04EC0-301F-11D3-BF4B-00C04F79EFBC}") = "Tyuiu.ZargarovAA.Sprint6.Task1.V22", "Tyuiu.DreminIa.Sprint6.Task1.V22\Tyuiu.ZargarovAA.Sprint6.Task1.V22.csproj", "{13D4ED4C-9C96-4136-B1E6-164C120E9F86}"
EndProject
Project("{FAE04EC0-301F-11D3-BF4B-00C04F79EFBC}") = "Tyuiu.ZargarovAA.Sprint6.Task1.V22.Lib", "Tyuiu.DreminIa.Sprint6.Task1.V22.Lib\Tyuiu.ZargarovAA.Sprint6.Task1.V22.Lib.csproj", "{9104F663-BE84-4D05-A35E-3C5AFEB400BA}"
EndProject
Project("{FAE04EC0-301F-11D3-BF4B-00C04F79EFBC}") = "Tyuiu.ZargarovAA.Sprint6.Task1.V22.Test", "Tyuiu.DreminIa.Sprint6.Task1.V22.Test\Tyuiu.ZargarovAA.Sprint6.Task1.V22.Test.csproj", "{CC5E7EB1-2C43-4FA6-9C29-C0BDC07F761D}"
EndProject
Project("{FAE04EC0-301F-11D3-BF4B-00C04F79EFBC}") = "Tyuiu.SafronovVV.Sprint6.Task3.V16", "Tyuiu.DreminIa.Sprint6.Task3.V16\Tyuiu.SafronovVV.Sprint6.Task3.V16.csproj", "{CB7A95DC-1CCB-4C19-BA68-152C62D7DE38}"
EndProject
Project("{FAE04EC0-301F-11D3-BF4B-00C04F79EFBC}") = "Tyuiu.SafronovVV.Sprint6.Task3.V16.Lib", "Tyuiu.DreminIa.Sprint6.Task3.V16.Lib\Tyuiu.SafronovVV.Sprint6.Task3.V16.Lib.csproj", "{5EFA4E5B-BDE3-4E30-B95C-64DE91FC005B}"
EndProject
Project("{FAE04EC0-301F-11D3-BF4B-00C04F79EFBC}") = "Tyuiu.SafronovVV.Sprint6.Task3.V16.Test", "Tyuiu.DreminIa.Sprint6.Task3.V16.Test\Tyuiu.SafronovVV.Sprint6.Task3.V16.Test.csproj", "{15DCDEA2-09E6-4841-B3EA-8D939DA4C382}"
EndProject
Project("{FAE04EC0-301F-11D3-BF4B-00C04F79EFBC}") = "Tyuiu.GurevskayaVE.Sprint6.Task2.V11", "Tyuiu.DreminIa.Sprint6.Task2.V11\Tyuiu.GurevskayaVE.Sprint6.Task2.V11.csproj", "{E6DF2085-9557-4405-AFDB-A631402EF554}"
EndProject
Project("{FAE04EC0-301F-11D3-BF4B-00C04F79EFBC}") = "Tyuiu.GurevskayaVE.Sprint6.Task2.V11.Lib", "Tyuiu.DreminIa.Sprint6.Task2.V11.Lib\Tyuiu.GurevskayaVE.Sprint6.Task2.V11.Lib.csproj", "{02D7D308-75D6-4476-899B-0376CF8E094A}"
EndProject
Project("{FAE04EC0-301F-11D3-BF4B-00C04F79EFBC}") = "Tyuiu.GurevskayaVE.Sprint6.Task2.V11.Test", "Tyuiu.DreminIa.Sprint6.Task2.Test\Tyuiu.GurevskayaVE.Sprint6.Task2.V11.Test.csproj", "{F7715104-D0F2-4424-AEF4-F05ED039112E}"
EndProject
Project("{FAE04EC0-301F-11D3-BF4B-00C04F79EFBC}") = "Tyuiu.LoginovMV.Sprint6.Task0.V2", "Tyuiu.DreminIa.Sprint6.Task0.V2\Tyuiu.LoginovMV.Sprint6.Task0.V2.csproj", "{434691BD-CD13-4D90-A13F-FD2B351BBC89}"
EndProject
Project("{FAE04EC0-301F-11D3-BF4B-00C04F79EFBC}") = "Tyuiu.LoginovMV.Sprint6.Task0.V2.Lib", "Tyuiu.DreminIa.Sprint6.Task0.V2.Lib\Tyuiu.LoginovMV.Sprint6.Task0.V2.Lib.csproj", "{DE60675B-896C-44EB-9E14-98C8FF233D9E}"
EndProject
Project("{FAE04EC0-301F-11D3-BF4B-00C04F79EFBC}") = "Tyuiu.LoginovMV.Sprint6.Task0.V2.Test", "Tyuiu.DreminIa.Sprint6.Task0.V2.Test\Tyuiu.LoginovMV.Sprint6.Task0.V2.Test.csproj", "{4203A6F7-7413-4B37-8DF2-19AE1D5B9918}"
EndProject
Project("{FAE04EC0-301F-11D3-BF4B-00C04F79EFBC}") = "Tyuiu.BelovaEA.Sprint6.Task4.V20", "Tyuiu.DreminIa.Sprint6.Task4.V20\Tyuiu.BelovaEA.Sprint6.Task4.V20.csproj", "{7BA8F31E-A8F6-4B54-B215-8C382F687BF7}"
EndProject
Project("{FAE04EC0-301F-11D3-BF4B-00C04F79EFBC}") = "Tyuiu.BelovaEA.Sprint6.Task4.V20.Lib", "Tyuiu.DreminIa.Sprint6.Task4.V20.Lib\Tyuiu.BelovaEA.Sprint6.Task4.V20.Lib.csproj", "{90813703-DDE8-4613-A7D7-F4EACC72E5E5}"
EndProject
Project("{FAE04EC0-301F-11D3-BF4B-00C04F79EFBC}") = "Tyuiu.BelovaEA.Sprint6.Task4.V20.Test", "Tyuiu.DreminIa.Sprint6.Task4.V20.Test\Tyuiu.BelovaEA.Sprint6.Task4.V20.Test.csproj", "{ADF04539-1A8C-482F-87C3-886CC2FD0F5E}"
EndProject
Project("{FAE04EC0-301F-11D3-BF4B-00C04F79EFBC}") = "Tyuiu.SheludkovAA.Sprint6.Task5.V20", "Tyuiu.DreminIa.Sprint6.Task5.V20\Tyuiu.SheludkovAA.Sprint6.Task5.V20.csproj", "{2D8B479A-431C-4DF5-83E0-896CED1E4518}"
EndProject
Project("{FAE04EC0-301F-11D3-BF4B-00C04F79EFBC}") = "Tyuiu.SheludkovAA.Sprint6.Task5.V20.Lib", "Tyuiu.DreminIa.Sprint6.Task5.V20.Lib\Tyuiu.SheludkovAA.Sprint6.Task5.V20.Lib.csproj", "{401EA0CE-6018-4036-B804-6B2DDFE50D65}"
EndProject
Project("{FAE04EC0-301F-11D3-BF4B-00C04F79EFBC}") = "Tyuiu.SheludkovAA.Sprint6.Task5.V20.Test", "Tyuiu.DreminIa.Sprint6.Task5.V20.Test\Tyuiu.SheludkovAA.Sprint6.Task5.V20.Test.csproj", "{73B06A99-CE17-47D2-AAA1-DB6ABB44385E}"
EndProject
Project("{FAE04EC0-301F-11D3-BF4B-00C04F79EFBC}") = "Tyuiu.MartysevichAD.Sprint6.Task6.V17", "Tyuiu.DreminIa.Sprint6.Task6.V17\Tyuiu.MartysevichAD.Sprint6.Task6.V17.csproj", "{3FFD157F-4672-4C2D-8B3A-B4FDAD2C92D4}"
EndProject
Project("{FAE04EC0-301F-11D3-BF4B-00C04F79EFBC}") = "Tyuiu.MartysevichAD.Sprint6.Task6.V17.Lib", "Tyuiu.DreminIa.Sprint6.Task6.V17.Lib\Tyuiu.MartysevichAD.Sprint6.Task6.V17.Lib.csproj", "{688C376C-3F77-4746-AC48-ADA62C718FDC}"
EndProject
Project("{FAE04EC0-301F-11D3-BF4B-00C04F79EFBC}") = "Tyuiu.MartysevichAD.Sprint6.Task6.V17.Test", "Tyuiu.DreminIa.Sprint6.Task6.V17.Test\Tyuiu.MartysevichAD.Sprint6.Task6.V17.Test.csproj", "{575D1EBF-3867-4A1F-9EB6-C552CA61CEE5}"
EndProject
Project("{FAE04EC0-301F-11D3-BF4B-00C04F79EFBC}") = "Tyuiu.LachuginAV.Sprint6.Task7.V26", "Tyuiu.DreminIa.Sprint6.Task7.V26\Tyuiu.LachuginAV.Sprint6.Task7.V26.csproj", "{AC474CFE-A906-49F5-AAA5-178ACE4E74D1}"
EndProject
Project("{FAE04EC0-301F-11D3-BF4B-00C04F79EFBC}") = "Tyuiu.LachuginAV.Sprint6.Task7.V26.Lib", "Tyuiu.DreminIa.Sprint6.Task7.V26.Lib\Tyuiu.LachuginAV.Sprint6.Task7.V26.Lib.csproj", "{65FEE8E1-DCBB-4BCC-B701-C87C89A24D13}"
EndProject
Project("{FAE04EC0-301F-11D3-BF4B-00C04F79EFBC}") = "Tyuiu.LachuginAV.Sprint6.Task7.V26.Test", "Tyuiu.DreminIa.Sprint6.Task7.V26.Test\Tyuiu.LachuginAV.Sprint6.Task7.V26.Test.csproj", "{E59996E1-C048-424B-82D8-24DD8744E2BE}"
EndProject
Global
	GlobalSection(SolutionConfigurationPlatforms) = preSolution
		Debug|Any CPU = Debug|Any CPU
		Release|Any CPU = Release|Any CPU
	EndGlobalSection
	GlobalSection(ProjectConfigurationPlatforms) = postSolution
		{13D4ED4C-9C96-4136-B1E6-164C120E9F86}.Debug|Any CPU.ActiveCfg = Debug|Any CPU
		{13D4ED4C-9C96-4136-B1E6-164C120E9F86}.Debug|Any CPU.Build.0 = Debug|Any CPU
		{13D4ED4C-9C96-4136-B1E6-164C120E9F86}.Release|Any CPU.ActiveCfg = Release|Any CPU
		{13D4ED4C-9C96-4136-B1E6-164C120E9F86}.Release|Any CPU.Build.0 = Release|Any CPU
		{9104F663-BE84-4D05-A35E-3C5AFEB400BA}.Debug|Any CPU.ActiveCfg = Debug|Any CPU
		{9104F663-BE84-4D05-A35E-3C5AFEB400BA}.Debug|Any CPU.Build.0 = Debug|Any CPU
		{9104F663-BE84-4D05-A35E-3C5AFEB400BA}.Release|Any CPU.ActiveCfg = Release|Any CPU
		{9104F663-BE84-4D05-A35E-3C5AFEB400BA}.Release|Any CPU.Build.0 = Release|Any CPU
		{CC5E7EB1-2C43-4FA6-9C29-C0BDC07F761D}.Debug|Any CPU.ActiveCfg = Debug|Any CPU
		{CC5E7EB1-2C43-4FA6-9C29-C0BDC07F761D}.Debug|Any CPU.Build.0 = Debug|Any CPU
		{CC5E7EB1-2C43-4FA6-9C29-C0BDC07F761D}.Release|Any CPU.ActiveCfg = Release|Any CPU
		{CC5E7EB1-2C43-4FA6-9C29-C0BDC07F761D}.Release|Any CPU.Build.0 = Release|Any CPU
		{CB7A95DC-1CCB-4C19-BA68-152C62D7DE38}.Debug|Any CPU.ActiveCfg = Debug|Any CPU
		{CB7A95DC-1CCB-4C19-BA68-152C62D7DE38}.Debug|Any CPU.Build.0 = Debug|Any CPU
		{CB7A95DC-1CCB-4C19-BA68-152C62D7DE38}.Release|Any CPU.ActiveCfg = Release|Any CPU
		{CB7A95DC-1CCB-4C19-BA68-152C62D7DE38}.Release|Any CPU.Build.0 = Release|Any CPU
		{5EFA4E5B-BDE3-4E30-B95C-64DE91FC005B}.Debug|Any CPU.ActiveCfg = Debug|Any CPU
		{5EFA4E5B-BDE3-4E30-B95C-64DE91FC005B}.Debug|Any CPU.Build.0 = Debug|Any CPU
		{5EFA4E5B-BDE3-4E30-B95C-64DE91FC005B}.Release|Any CPU.ActiveCfg = Release|Any CPU
		{5EFA4E5B-BDE3-4E30-B95C-64DE91FC005B}.Release|Any CPU.Build.0 = Release|Any CPU
		{15DCDEA2-09E6-4841-B3EA-8D939DA4C382}.Debug|Any CPU.ActiveCfg = Debug|Any CPU
		{15DCDEA2-09E6-4841-B3EA-8D939DA4C382}.Debug|Any CPU.Build.0 = Debug|Any CPU
		{15DCDEA2-09E6-4841-B3EA-8D939DA4C382}.Release|Any CPU.ActiveCfg = Release|Any CPU
		{15DCDEA2-09E6-4841-B3EA-8D939DA4C382}.Release|Any CPU.Build.0 = Release|Any CPU
		{E6DF2085-9557-4405-AFDB-A631402EF554}.Debug|Any CPU.ActiveCfg = Debug|Any CPU
		{E6DF2085-9557-4405-AFDB-A631402EF554}.Debug|Any CPU.Build.0 = Debug|Any CPU
		{E6DF2085-9557-4405-AFDB-A631402EF554}.Release|Any CPU.ActiveCfg = Release|Any CPU
		{E6DF2085-9557-4405-AFDB-A631402EF554}.Release|Any CPU.Build.0 = Release|Any CPU
		{02D7D308-75D6-4476-899B-0376CF8E094A}.Debug|Any CPU.ActiveCfg = Debug|Any CPU
		{02D7D308-75D6-4476-899B-0376CF8E094A}.Debug|Any CPU.Build.0 = Debug|Any CPU
		{02D7D308-75D6-4476-899B-0376CF8E094A}.Release|Any CPU.ActiveCfg = Release|Any CPU
		{02D7D308-75D6-4476-899B-0376CF8E094A}.Release|Any CPU.Build.0 = Release|Any CPU
		{F7715104-D0F2-4424-AEF4-F05ED039112E}.Debug|Any CPU.ActiveCfg = Debug|Any CPU
		{F7715104-D0F2-4424-AEF4-F05ED039112E}.Debug|Any CPU.Build.0 = Debug|Any CPU
		{F7715104-D0F2-4424-AEF4-F05ED039112E}.Release|Any CPU.ActiveCfg = Release|Any CPU
		{F7715104-D0F2-4424-AEF4-F05ED039112E}.Release|Any CPU.Build.0 = Release|Any CPU
		{434691BD-CD13-4D90-A13F-FD2B351BBC89}.Debug|Any CPU.ActiveCfg = Debug|Any CPU
		{434691BD-CD13-4D90-A13F-FD2B351BBC89}.Debug|Any CPU.Build.0 = Debug|Any CPU
		{434691BD-CD13-4D90-A13F-FD2B351BBC89}.Release|Any CPU.ActiveCfg = Release|Any CPU
		{434691BD-CD13-4D90-A13F-FD2B351BBC89}.Release|Any CPU.Build.0 = Release|Any CPU
		{DE60675B-896C-44EB-9E14-98C8FF233D9E}.Debug|Any CPU.ActiveCfg = Debug|Any CPU
		{DE60675B-896C-44EB-9E14-98C8FF233D9E}.Debug|Any CPU.Build.0 = Debug|Any CPU
		{DE60675B-896C-44EB-9E14-98C8FF233D9E}.Release|Any CPU.ActiveCfg = Release|Any CPU
		{DE60675B-896C-44EB-9E14-98C8FF233D9E}.Release|Any CPU.Build.0 = Release|Any CPU
		{4203A6F7-7413-4B37-8DF2-19AE1D5B9918}.Debug|Any CPU.ActiveCfg = Debug|Any CPU
		{4203A6F7-7413-4B37-8DF2-19AE1D5B9918}.Debug|Any CPU.Build.0 = Debug|Any CPU
		{4203A6F7-7413-4B37-8DF2-19AE1D5B9918}.Release|Any CPU.ActiveCfg = Release|Any CPU
		{4203A6F7-7413-4B37-8DF2-19AE1D5B9918}.Release|Any CPU.Build.0 = Release|Any CPU
		{7BA8F31E-A8F6-4B54-B215-8C382F687BF7}.Debug|Any CPU.ActiveCfg = Debug|Any CPU
		{7BA8F31E-A8F6-4B54-B215-8C382F687BF7}.Debug|Any CPU.Build.0 = Debug|Any CPU
		{7BA8F31E-A8F6-4B54-B215-8C382F687BF7}.Release|Any CPU.ActiveCfg = Release|Any CPU
		{7BA8F31E-A8F6-4B54-B215-8C382F687BF7}.Release|Any CPU.Build.0 = Release|Any CPU
		{90813703-DDE8-4613-A7D7-F4EACC72E5E5}.Debug|Any CPU.ActiveCfg = Debug|Any CPU
		{90813703-DDE8-4613-A7D7-F4EACC72E5E5}.Debug|Any CPU.Build.0 = Debug|Any CPU
		{90813703-DDE8-4613-A7D7-F4EACC72E5E5}.Release|Any CPU.ActiveCfg = Release|Any CPU
		{90813703-DDE8-4613-A7D7-F4EACC72E5E5}.Release|Any CPU.Build.0 = Release|Any CPU
		{ADF04539-1A8C-482F-87C3-886CC2FD0F5E}.Debug|Any CPU.ActiveCfg = Debug|Any CPU
		{ADF04539-1A8C-482F-87C3-886CC2FD0F5E}.Debug|Any CPU.Build.0 = Debug|Any CPU
		{ADF04539-1A8C-482F-87C3-886CC2FD0F5E}.Release|Any CPU.ActiveCfg = Release|Any CPU
		{ADF04539-1A8C-482F-87C3-886CC2FD0F5E}.Release|Any CPU.Build.0 = Release|Any CPU
		{2D8B479A-431C-4DF5-83E0-896CED1E4518}.Debug|Any CPU.ActiveCfg = Debug|Any CPU
		{2D8B479A-431C-4DF5-83E0-896CED1E4518}.Debug|Any CPU.Build.0 = Debug|Any CPU
		{2D8B479A-431C-4DF5-83E0-896CED1E4518}.Release|Any CPU.ActiveCfg = Release|Any CPU
		{2D8B479A-431C-4DF5-83E0-896CED1E4518}.Release|Any CPU.Build.0 = Release|Any CPU
		{401EA0CE-6018-4036-B804-6B2DDFE50D65}.Debug|Any CPU.ActiveCfg = Debug|Any CPU
		{401EA0CE-6018-4036-B804-6B2DDFE50D65}.Debug|Any CPU.Build.0 = Debug|Any CPU
		{401EA0CE-6018-4036-B804-6B2DDFE50D65}.Release|Any CPU.ActiveCfg = Release|Any CPU
		{401EA0CE-6018-4036-B804-6B2DDFE50D65}.Release|Any CPU.Build.0 = Release|Any CPU
		{73B06A99-CE17-47D2-AAA1-DB6ABB44385E}.Debug|Any CPU.ActiveCfg = Debug|Any CPU
		{73B06A99-CE17-47D2-AAA1-DB6ABB44385E}.Debug|Any CPU.Build.0 = Debug|Any CPU
		{73B06A99-CE17-47D2-AAA1-DB6ABB44385E}.Release|Any CPU.ActiveCfg = Release|Any CPU
		{73B06A99-CE17-47D2-AAA1-DB6ABB44385E}.Release|Any CPU.Build.0 = Release|Any CPU
		{3FFD157F-4672-4C2D-8B3A-B4FDAD2C92D4}.Debug|Any CPU.ActiveCfg = Debug|Any CPU
		{3FFD157F-4672-4C2D-8B3A-B4FDAD2C92D4}.Debug|Any CPU.Build.0 = Debug|Any CPU
		{3FFD157F-4672-4C2D-8B3A-B4FDAD2C92D4}.Release|Any CPU.ActiveCfg = Release|Any CPU
		{3FFD157F-4672-4C2D-8B3A-B4FDAD2C92D4}.Release|Any CPU.Build.0 = Release|Any CPU
		{688C376C-3F77-4746-AC48-ADA62C718FDC}.Debug|Any CPU.ActiveCfg = Debug|Any CPU
		{688C376C-3F77-4746-AC48-ADA62C718FDC}.Debug|Any CPU.Build.0 = Debug|Any CPU
		{688C376C-3F77-4746-AC48-ADA62C718FDC}.Release|Any CPU.ActiveCfg = Release|Any CPU
		{688C376C-3F77-4746-AC48-ADA62C718FDC}.Release|Any CPU.Build.0 = Release|Any CPU
		{575D1EBF-3867-4A1F-9EB6-C552CA61CEE5}.Debug|Any CPU.ActiveCfg = Debug|Any CPU
		{575D1EBF-3867-4A1F-9EB6-C552CA61CEE5}.Debug|Any CPU.Build.0 = Debug|Any CPU
		{575D1EBF-3867-4A1F-9EB6-C552CA61CEE5}.Release|Any CPU.ActiveCfg = Release|Any CPU
		{575D1EBF-3867-4A1F-9EB6-C552CA61CEE5}.Release|Any CPU.Build.0 = Release|Any CPU
		{AC474CFE-A906-49F5-AAA5-178ACE4E74D1}.Debug|Any CPU.ActiveCfg = Debug|Any CPU
		{AC474CFE-A906-49F5-AAA5-178ACE4E74D1}.Debug|Any CPU.Build.0 = Debug|Any CPU
		{AC474CFE-A906-49F5-AAA5-178ACE4E74D1}.Release|Any CPU.ActiveCfg = Release|Any CPU
		{AC474CFE-A906-49F5-AAA5-178ACE4E74D1}.Release|Any CPU.Build.0 = Release|Any CPU
		{65FEE8E1-DCBB-4BCC-B701-C87C89A24D13}.Debug|Any CPU.ActiveCfg = Debug|Any CPU
		{65FEE8E1-DCBB-4BCC-B701-C87C89A24D13}.Debug|Any CPU.Build.0 = Debug|Any CPU
		{65FEE8E1-DCBB-4BCC-B701-C87C89A24D13}.Release|Any CPU.ActiveCfg = Release|Any CPU
		{65FEE8E1-DCBB-4BCC-B701-C87C89A24D13}.Release|Any CPU.Build.0 = Release|Any CPU
		{E59996E1-C048-424B-82D8-24DD8744E2BE}.Debug|Any CPU.ActiveCfg = Debug|Any CPU
		{E59996E1-C048-424B-82D8-24DD8744E2BE}.Debug|Any CPU.Build.0 = Debug|Any CPU
		{E59996E1-C048-424B-82D8-24DD8744E2BE}.Release|Any CPU.ActiveCfg = Release|Any CPU
		{E59996E1-C048-424B-82D8-24DD8744E2BE}.Release|Any CPU.Build.0 = Release|Any CPU
	EndGlobalSection
	GlobalSection(SolutionProperties) = preSolution
		HideSolutionNode = FALSE
	EndGlobalSection
	GlobalSection(ExtensibilityGlobals) = postSolution
		SolutionGuid = {F4830595-64D0-44D2-9D1A-272444044253}
	EndGlobalSection
EndGlobal
